// !$*UTF8*$!
{
	archiveVersion = 1;
	classes = {
	};
	objectVersion = 46;
	objects = {

/* Begin PBXBuildFile section */
		D7628E601DB0682000F617FE /* AppDelegate.swift in Sources */ = {isa = PBXBuildFile; fileRef = D7628E5F1DB0682000F617FE /* AppDelegate.swift */; };
		D7628E621DB0682000F617FE /* ViewController.swift in Sources */ = {isa = PBXBuildFile; fileRef = D7628E611DB0682000F617FE /* ViewController.swift */; };
		D7628E651DB0682000F617FE /* Main.storyboard in Resources */ = {isa = PBXBuildFile; fileRef = D7628E631DB0682000F617FE /* Main.storyboard */; };
		D7628E671DB0682000F617FE /* Assets.xcassets in Resources */ = {isa = PBXBuildFile; fileRef = D7628E661DB0682000F617FE /* Assets.xcassets */; };
		D7628E6A1DB0682000F617FE /* LaunchScreen.storyboard in Resources */ = {isa = PBXBuildFile; fileRef = D7628E681DB0682000F617FE /* LaunchScreen.storyboard */; };
		D7628E751DB0682000F617FE /* StrivrTestTests.swift in Sources */ = {isa = PBXBuildFile; fileRef = D7628E741DB0682000F617FE /* StrivrTestTests.swift */; };
		D7628E801DB0682100F617FE /* StrivrTestUITests.swift in Sources */ = {isa = PBXBuildFile; fileRef = D7628E7F1DB0682100F617FE /* StrivrTestUITests.swift */; };
/* End PBXBuildFile section */

/* Begin PBXContainerItemProxy section */
		D7628E711DB0682000F617FE /* PBXContainerItemProxy */ = {
			isa = PBXContainerItemProxy;
			containerPortal = D7628E541DB0682000F617FE /* Project object */;
			proxyType = 1;
			remoteGlobalIDString = D7628E5B1DB0682000F617FE;
			remoteInfo = StrivrTest;
		};
		D7628E7C1DB0682100F617FE /* PBXContainerItemProxy */ = {
			isa = PBXContainerItemProxy;
			containerPortal = D7628E541DB0682000F617FE /* Project object */;
			proxyType = 1;
			remoteGlobalIDString = D7628E5B1DB0682000F617FE;
			remoteInfo = StrivrTest;
		};
/* End PBXContainerItemProxy section */

/* Begin PBXFileReference section */
		D7628E5C1DB0682000F617FE /* StrivrTest.app */ = {isa = PBXFileReference; explicitFileType = wrapper.application; includeInIndex = 0; path = StrivrTest.app; sourceTree = BUILT_PRODUCTS_DIR; };
		D7628E5F1DB0682000F617FE /* AppDelegate.swift */ = {isa = PBXFileReference; lastKnownFileType = sourcecode.swift; path = AppDelegate.swift; sourceTree = "<group>"; };
		D7628E611DB0682000F617FE /* ViewController.swift */ = {isa = PBXFileReference; lastKnownFileType = sourcecode.swift; path = ViewController.swift; sourceTree = "<group>"; };
		D7628E641DB0682000F617FE /* Base */ = {isa = PBXFileReference; lastKnownFileType = file.storyboard; name = Base; path = Base.lproj/Main.storyboard; sourceTree = "<group>"; };
		D7628E661DB0682000F617FE /* Assets.xcassets */ = {isa = PBXFileReference; lastKnownFileType = folder.assetcatalog; path = Assets.xcassets; sourceTree = "<group>"; };
		D7628E691DB0682000F617FE /* Base */ = {isa = PBXFileReference; lastKnownFileType = file.storyboard; name = Base; path = Base.lproj/LaunchScreen.storyboard; sourceTree = "<group>"; };
		D7628E6B1DB0682000F617FE /* Info.plist */ = {isa = PBXFileReference; lastKnownFileType = text.plist.xml; path = Info.plist; sourceTree = "<group>"; };
		D7628E701DB0682000F617FE /* StrivrTestTests.xctest */ = {isa = PBXFileReference; explicitFileType = wrapper.cfbundle; includeInIndex = 0; path = StrivrTestTests.xctest; sourceTree = BUILT_PRODUCTS_DIR; };
		D7628E741DB0682000F617FE /* StrivrTestTests.swift */ = {isa = PBXFileReference; lastKnownFileType = sourcecode.swift; path = StrivrTestTests.swift; sourceTree = "<group>"; };
		D7628E761DB0682100F617FE /* Info.plist */ = {isa = PBXFileReference; lastKnownFileType = text.plist.xml; path = Info.plist; sourceTree = "<group>"; };
		D7628E7B1DB0682100F617FE /* StrivrTestUITests.xctest */ = {isa = PBXFileReference; explicitFileType = wrapper.cfbundle; includeInIndex = 0; path = StrivrTestUITests.xctest; sourceTree = BUILT_PRODUCTS_DIR; };
		D7628E7F1DB0682100F617FE /* StrivrTestUITests.swift */ = {isa = PBXFileReference; lastKnownFileType = sourcecode.swift; path = StrivrTestUITests.swift; sourceTree = "<group>"; };
		D7628E811DB0682100F617FE /* Info.plist */ = {isa = PBXFileReference; lastKnownFileType = text.plist.xml; path = Info.plist; sourceTree = "<group>"; };
/* End PBXFileReference section */

/* Begin PBXFrameworksBuildPhase section */
		D7628E591DB0682000F617FE /* Frameworks */ = {
			isa = PBXFrameworksBuildPhase;
			buildActionMask = 2147483647;
			files = (
			);
			runOnlyForDeploymentPostprocessing = 0;
		};
		D7628E6D1DB0682000F617FE /* Frameworks */ = {
			isa = PBXFrameworksBuildPhase;
			buildActionMask = 2147483647;
			files = (
			);
			runOnlyForDeploymentPostprocessing = 0;
		};
		D7628E781DB0682100F617FE /* Frameworks */ = {
			isa = PBXFrameworksBuildPhase;
			buildActionMask = 2147483647;
			files = (
			);
			runOnlyForDeploymentPostprocessing = 0;
		};
/* End PBXFrameworksBuildPhase section */

/* Begin PBXGroup section */
		D7628E531DB0682000F617FE = {
			isa = PBXGroup;
			children = (
				D7628E5E1DB0682000F617FE /* StrivrTest */,
				D7628E731DB0682000F617FE /* StrivrTestTests */,
				D7628E7E1DB0682100F617FE /* StrivrTestUITests */,
				D7628E5D1DB0682000F617FE /* Products */,
			);
			sourceTree = "<group>";
		};
		D7628E5D1DB0682000F617FE /* Products */ = {
			isa = PBXGroup;
			children = (
				D7628E5C1DB0682000F617FE /* StrivrTest.app */,
				D7628E701DB0682000F617FE /* StrivrTestTests.xctest */,
				D7628E7B1DB0682100F617FE /* StrivrTestUITests.xctest */,
			);
			name = Products;
			sourceTree = "<group>";
		};
		D7628E5E1DB0682000F617FE /* StrivrTest */ = {
			isa = PBXGroup;
			children = (
				D7628E5F1DB0682000F617FE /* AppDelegate.swift */,
				D7628E611DB0682000F617FE /* ViewController.swift */,
				D7628E631DB0682000F617FE /* Main.storyboard */,
				D7628E661DB0682000F617FE /* Assets.xcassets */,
				D7628E681DB0682000F617FE /* LaunchScreen.storyboard */,
				D7628E6B1DB0682000F617FE /* Info.plist */,
			);
			path = StrivrTest;
			sourceTree = "<group>";
		};
		D7628E731DB0682000F617FE /* StrivrTestTests */ = {
			isa = PBXGroup;
			children = (
				D7628E741DB0682000F617FE /* StrivrTestTests.swift */,
				D7628E761DB0682100F617FE /* Info.plist */,
			);
			path = StrivrTestTests;
			sourceTree = "<group>";
		};
		D7628E7E1DB0682100F617FE /* StrivrTestUITests */ = {
			isa = PBXGroup;
			children = (
				D7628E7F1DB0682100F617FE /* StrivrTestUITests.swift */,
				D7628E811DB0682100F617FE /* Info.plist */,
			);
			path = StrivrTestUITests;
			sourceTree = "<group>";
		};
/* End PBXGroup section */

/* Begin PBXNativeTarget section */
		D7628E5B1DB0682000F617FE /* StrivrTest */ = {
			isa = PBXNativeTarget;
			buildConfigurationList = D7628E841DB0682100F617FE /* Build configuration list for PBXNativeTarget "StrivrTest" */;
			buildPhases = (
				D7628E581DB0682000F617FE /* Sources */,
				D7628E591DB0682000F617FE /* Frameworks */,
				D7628E5A1DB0682000F617FE /* Resources */,
			);
			buildRules = (
			);
			dependencies = (
			);
			name = StrivrTest;
			productName = StrivrTest;
			productReference = D7628E5C1DB0682000F617FE /* StrivrTest.app */;
			productType = "com.apple.product-type.application";
		};
		D7628E6F1DB0682000F617FE /* StrivrTestTests */ = {
			isa = PBXNativeTarget;
			buildConfigurationList = D7628E871DB0682100F617FE /* Build configuration list for PBXNativeTarget "StrivrTestTests" */;
			buildPhases = (
				D7628E6C1DB0682000F617FE /* Sources */,
				D7628E6D1DB0682000F617FE /* Frameworks */,
				D7628E6E1DB0682000F617FE /* Resources */,
			);
			buildRules = (
			);
			dependencies = (
				D7628E721DB0682000F617FE /* PBXTargetDependency */,
			);
			name = StrivrTestTests;
			productName = StrivrTestTests;
			productReference = D7628E701DB0682000F617FE /* StrivrTestTests.xctest */;
			productType = "com.apple.product-type.bundle.unit-test";
		};
		D7628E7A1DB0682100F617FE /* StrivrTestUITests */ = {
			isa = PBXNativeTarget;
			buildConfigurationList = D7628E8A1DB0682100F617FE /* Build configuration list for PBXNativeTarget "StrivrTestUITests" */;
			buildPhases = (
				D7628E771DB0682100F617FE /* Sources */,
				D7628E781DB0682100F617FE /* Frameworks */,
				D7628E791DB0682100F617FE /* Resources */,
			);
			buildRules = (
			);
			dependencies = (
				D7628E7D1DB0682100F617FE /* PBXTargetDependency */,
			);
			name = StrivrTestUITests;
			productName = StrivrTestUITests;
			productReference = D7628E7B1DB0682100F617FE /* StrivrTestUITests.xctest */;
			productType = "com.apple.product-type.bundle.ui-testing";
		};
/* End PBXNativeTarget section */

/* Begin PBXProject section */
		D7628E541DB0682000F617FE /* Project object */ = {
			isa = PBXProject;
			attributes = {
				LastSwiftUpdateCheck = 0800;
				LastUpgradeCheck = 0800;
				ORGANIZATIONNAME = "Hailey Sholty";
				TargetAttributes = {
					D7628E5B1DB0682000F617FE = {
						CreatedOnToolsVersion = 8.0;
						ProvisioningStyle = Automatic;
					};
					D7628E6F1DB0682000F617FE = {
						CreatedOnToolsVersion = 8.0;
						ProvisioningStyle = Automatic;
						TestTargetID = D7628E5B1DB0682000F617FE;
					};
					D7628E7A1DB0682100F617FE = {
						CreatedOnToolsVersion = 8.0;
						ProvisioningStyle = Automatic;
						TestTargetID = D7628E5B1DB0682000F617FE;
					};
				};
			};
			buildConfigurationList = D7628E571DB0682000F617FE /* Build configuration list for PBXProject "StrivrTest" */;
			compatibilityVersion = "Xcode 3.2";
			developmentRegion = English;
			hasScannedForEncodings = 0;
			knownRegions = (
				en,
				Base,
			);
			mainGroup = D7628E531DB0682000F617FE;
			productRefGroup = D7628E5D1DB0682000F617FE /* Products */;
			projectDirPath = "";
			projectRoot = "";
			targets = (
				D7628E5B1DB0682000F617FE /* StrivrTest */,
				D7628E6F1DB0682000F617FE /* StrivrTestTests */,
				D7628E7A1DB0682100F617FE /* StrivrTestUITests */,
			);
		};
/* End PBXProject section */

/* Begin PBXResourcesBuildPhase section */
		D7628E5A1DB0682000F617FE /* Resources */ = {
			isa = PBXResourcesBuildPhase;
			buildActionMask = 2147483647;
			files = (
				D7628E6A1DB0682000F617FE /* LaunchScreen.storyboard in Resources */,
				D7628E671DB0682000F617FE /* Assets.xcassets in Resources */,
				D7628E651DB0682000F617FE /* Main.storyboard in Resources */,
			);
			runOnlyForDeploymentPostprocessing = 0;
		};
		D7628E6E1DB0682000F617FE /* Resources */ = {
			isa = PBXResourcesBuildPhase;
			buildActionMask = 2147483647;
			files = (
			);
			runOnlyForDeploymentPostprocessing = 0;
		};
		D7628E791DB0682100F617FE /* Resources */ = {
			isa = PBXResourcesBuildPhase;
			buildActionMask = 2147483647;
			files = (
			);
			runOnlyForDeploymentPostprocessing = 0;
		};
/* End PBXResourcesBuildPhase section */

/* Begin PBXSourcesBuildPhase section */
		D7628E581DB0682000F617FE /* Sources */ = {
			isa = PBXSourcesBuildPhase;
			buildActionMask = 2147483647;
			files = (
				D7628E621DB0682000F617FE /* ViewController.swift in Sources */,
				D7628E601DB0682000F617FE /* AppDelegate.swift in Sources */,
			);
			runOnlyForDeploymentPostprocessing = 0;
		};
		D7628E6C1DB0682000F617FE /* Sources */ = {
			isa = PBXSourcesBuildPhase;
			buildActionMask = 2147483647;
			files = (
				D7628E751DB0682000F617FE /* StrivrTestTests.swift in Sources */,
			);
			runOnlyForDeploymentPostprocessing = 0;
		};
		D7628E771DB0682100F617FE /* Sources */ = {
			isa = PBXSourcesBuildPhase;
			buildActionMask = 2147483647;
			files = (
				D7628E801DB0682100F617FE /* StrivrTestUITests.swift in Sources */,
			);
			runOnlyForDeploymentPostprocessing = 0;
		};
/* End PBXSourcesBuildPhase section */

/* Begin PBXTargetDependency section */
		D7628E721DB0682000F617FE /* PBXTargetDependency */ = {
			isa = PBXTargetDependency;
			target = D7628E5B1DB0682000F617FE /* StrivrTest */;
			targetProxy = D7628E711DB0682000F617FE /* PBXContainerItemProxy */;
		};
		D7628E7D1DB0682100F617FE /* PBXTargetDependency */ = {
			isa = PBXTargetDependency;
			target = D7628E5B1DB0682000F617FE /* StrivrTest */;
			targetProxy = D7628E7C1DB0682100F617FE /* PBXContainerItemProxy */;
		};
/* End PBXTargetDependency section */

/* Begin PBXVariantGroup section */
		D7628E631DB0682000F617FE /* Main.storyboard */ = {
			isa = PBXVariantGroup;
			children = (
				D7628E641DB0682000F617FE /* Base */,
			);
			name = Main.storyboard;
			sourceTree = "<group>";
		};
		D7628E681DB0682000F617FE /* LaunchScreen.storyboard */ = {
			isa = PBXVariantGroup;
			children = (
				D7628E691DB0682000F617FE /* Base */,
			);
			name = LaunchScreen.storyboard;
			sourceTree = "<group>";
		};
/* End PBXVariantGroup section */

/* Begin XCBuildConfiguration section */
		D7628E821DB0682100F617FE /* Debug */ = {
			isa = XCBuildConfiguration;
			buildSettings = {
				ALWAYS_SEARCH_USER_PATHS = NO;
				CLANG_ANALYZER_NONNULL = YES;
				CLANG_CXX_LANGUAGE_STANDARD = "gnu++0x";
				CLANG_CXX_LIBRARY = "libc++";
				CLANG_ENABLE_MODULES = YES;
				CLANG_ENABLE_OBJC_ARC = YES;
				CLANG_WARN_BOOL_CONVERSION = YES;
				CLANG_WARN_CONSTANT_CONVERSION = YES;
				CLANG_WARN_DIRECT_OBJC_ISA_USAGE = YES_ERROR;
				CLANG_WARN_DOCUMENTATION_COMMENTS = YES;
				CLANG_WARN_EMPTY_BODY = YES;
				CLANG_WARN_ENUM_CONVERSION = YES;
				CLANG_WARN_INFINITE_RECURSION = YES;
				CLANG_WARN_INT_CONVERSION = YES;
				CLANG_WARN_OBJC_ROOT_CLASS = YES_ERROR;
				CLANG_WARN_SUSPICIOUS_MOVES = YES;
				CLANG_WARN_UNREACHABLE_CODE = YES;
				CLANG_WARN__DUPLICATE_METHOD_MATCH = YES;
				"CODE_SIGN_IDENTITY[sdk=iphoneos*]" = "iPhone Developer";
				COPY_PHASE_STRIP = NO;
				DEBUG_INFORMATION_FORMAT = dwarf;
				ENABLE_STRICT_OBJC_MSGSEND = YES;
				ENABLE_TESTABILITY = YES;
				GCC_C_LANGUAGE_STANDARD = gnu99;
				GCC_DYNAMIC_NO_PIC = NO;
				GCC_NO_COMMON_BLOCKS = YES;
				GCC_OPTIMIZATION_LEVEL = 0;
				GCC_PREPROCESSOR_DEFINITIONS = (
					"DEBUG=1",
					"$(inherited)",
				);
				GCC_WARN_64_TO_32_BIT_CONVERSION = YES;
				GCC_WARN_ABOUT_RETURN_TYPE = YES_ERROR;
				GCC_WARN_UNDECLARED_SELECTOR = YES;
				GCC_WARN_UNINITIALIZED_AUTOS = YES_AGGRESSIVE;
				GCC_WARN_UNUSED_FUNCTION = YES;
				GCC_WARN_UNUSED_VARIABLE = YES;
				IPHONEOS_DEPLOYMENT_TARGET = 10.0;
				MTL_ENABLE_DEBUG_INFO = YES;
				ONLY_ACTIVE_ARCH = YES;
				SDKROOT = iphoneos;
				SWIFT_ACTIVE_COMPILATION_CONDITIONS = DEBUG;
				SWIFT_OPTIMIZATION_LEVEL = "-Onone";
			};
			name = Debug;
		};
		D7628E831DB0682100F617FE /* Release */ = {
			isa = XCBuildConfiguration;
			buildSettings = {
				ALWAYS_SEARCH_USER_PATHS = NO;
				CLANG_ANALYZER_NONNULL = YES;
				CLANG_CXX_LANGUAGE_STANDARD = "gnu++0x";
				CLANG_CXX_LIBRARY = "libc++";
				CLANG_ENABLE_MODULES = YES;
				CLANG_ENABLE_OBJC_ARC = YES;
				CLANG_WARN_BOOL_CONVERSION = YES;
				CLANG_WARN_CONSTANT_CONVERSION = YES;
				CLANG_WARN_DIRECT_OBJC_ISA_USAGE = YES_ERROR;
				CLANG_WARN_DOCUMENTATION_COMMENTS = YES;
				CLANG_WARN_EMPTY_BODY = YES;
				CLANG_WARN_ENUM_CONVERSION = YES;
				CLANG_WARN_INFINITE_RECURSION = YES;
				CLANG_WARN_INT_CONVERSION = YES;
				CLANG_WARN_OBJC_ROOT_CLASS = YES_ERROR;
				CLANG_WARN_SUSPICIOUS_MOVES = YES;
				CLANG_WARN_UNREACHABLE_CODE = YES;
				CLANG_WARN__DUPLICATE_METHOD_MATCH = YES;
				"CODE_SIGN_IDENTITY[sdk=iphoneos*]" = "iPhone Developer";
				COPY_PHASE_STRIP = NO;
				DEBUG_INFORMATION_FORMAT = "dwarf-with-dsym";
				ENABLE_NS_ASSERTIONS = NO;
				ENABLE_STRICT_OBJC_MSGSEND = YES;
				GCC_C_LANGUAGE_STANDARD = gnu99;
				GCC_NO_COMMON_BLOCKS = YES;
				GCC_WARN_64_TO_32_BIT_CONVERSION = YES;
				GCC_WARN_ABOUT_RETURN_TYPE = YES_ERROR;
				GCC_WARN_UNDECLARED_SELECTOR = YES;
				GCC_WARN_UNINITIALIZED_AUTOS = YES_AGGRESSIVE;
				GCC_WARN_UNUSED_FUNCTION = YES;
				GCC_WARN_UNUSED_VARIABLE = YES;
				IPHONEOS_DEPLOYMENT_TARGET = 10.0;
				MTL_ENABLE_DEBUG_INFO = NO;
				SDKROOT = iphoneos;
				SWIFT_OPTIMIZATION_LEVEL = "-Owholemodule";
				VALIDATE_PRODUCT = YES;
			};
			name = Release;
		};
		D7628E851DB0682100F617FE /* Debug */ = {
			isa = XCBuildConfiguration;
			buildSettings = {
				ASSETCATALOG_COMPILER_APPICON_NAME = AppIcon;
				INFOPLIST_FILE = StrivrTest/Info.plist;
				LD_RUNPATH_SEARCH_PATHS = "$(inherited) @executable_path/Frameworks";
				PRODUCT_BUNDLE_IDENTIFIER = com.HaileySholty.StrivrTest;
				PRODUCT_NAME = "$(TARGET_NAME)";
				SWIFT_VERSION = 3.0;
			};
			name = Debug;
		};
		D7628E861DB0682100F617FE /* Release */ = {
			isa = XCBuildConfiguration;
			buildSettings = {
				ASSETCATALOG_COMPILER_APPICON_NAME = AppIcon;
				INFOPLIST_FILE = StrivrTest/Info.plist;
				LD_RUNPATH_SEARCH_PATHS = "$(inherited) @executable_path/Frameworks";
				PRODUCT_BUNDLE_IDENTIFIER = com.HaileySholty.StrivrTest;
				PRODUCT_NAME = "$(TARGET_NAME)";
				SWIFT_VERSION = 3.0;
			};
			name = Release;
		};
		D7628E881DB0682100F617FE /* Debug */ = {
			isa = XCBuildConfiguration;
			buildSettings = {
				ALWAYS_EMBED_SWIFT_STANDARD_LIBRARIES = YES;
				BUNDLE_LOADER = "$(TEST_HOST)";
				INFOPLIST_FILE = StrivrTestTests/Info.plist;
				LD_RUNPATH_SEARCH_PATHS = "$(inherited) @executable_path/Frameworks @loader_path/Frameworks";
				PRODUCT_BUNDLE_IDENTIFIER = com.HaileySholty.StrivrTestTests;
				PRODUCT_NAME = "$(TARGET_NAME)";
				SWIFT_VERSION = 3.0;
				TEST_HOST = "$(BUILT_PRODUCTS_DIR)/StrivrTest.app/StrivrTest";
			};
			name = Debug;
		};
		D7628E891DB0682100F617FE /* Release */ = {
			isa = XCBuildConfiguration;
			buildSettings = {
				ALWAYS_EMBED_SWIFT_STANDARD_LIBRARIES = YES;
				BUNDLE_LOADER = "$(TEST_HOST)";
				INFOPLIST_FILE = StrivrTestTests/Info.plist;
				LD_RUNPATH_SEARCH_PATHS = "$(inherited) @executable_path/Frameworks @loader_path/Frameworks";
				PRODUCT_BUNDLE_IDENTIFIER = com.HaileySholty.StrivrTestTests;
				PRODUCT_NAME = "$(TARGET_NAME)";
				SWIFT_VERSION = 3.0;
				TEST_HOST = "$(BUILT_PRODUCTS_DIR)/StrivrTest.app/StrivrTest";
			};
			name = Release;
		};
		D7628E8B1DB0682100F617FE /* Debug */ = {
			isa = XCBuildConfiguration;
			buildSettings = {
				ALWAYS_EMBED_SWIFT_STANDARD_LIBRARIES = YES;
				INFOPLIST_FILE = StrivrTestUITests/Info.plist;
				LD_RUNPATH_SEARCH_PATHS = "$(inherited) @executable_path/Frameworks @loader_path/Frameworks";
				PRODUCT_BUNDLE_IDENTIFIER = com.HaileySholty.StrivrTestUITests;
				PRODUCT_NAME = "$(TARGET_NAME)";
				SWIFT_VERSION = 3.0;
				TEST_TARGET_NAME = StrivrTest;
			};
			name = Debug;
		};
		D7628E8C1DB0682100F617FE /* Release */ = {
			isa = XCBuildConfiguration;
			buildSettings = {
				ALWAYS_EMBED_SWIFT_STANDARD_LIBRARIES = YES;
				INFOPLIST_FILE = StrivrTestUITests/Info.plist;
				LD_RUNPATH_SEARCH_PATHS = "$(inherited) @executable_path/Frameworks @loader_path/Frameworks";
				PRODUCT_BUNDLE_IDENTIFIER = com.HaileySholty.StrivrTestUITests;
				PRODUCT_NAME = "$(TARGET_NAME)";
				SWIFT_VERSION = 3.0;
				TEST_TARGET_NAME = StrivrTest;
			};
			name = Release;
		};
/* End XCBuildConfiguration section */

/* Begin XCConfigurationList section */
		D7628E571DB0682000F617FE /* Build configuration list for PBXProject "StrivrTest" */ = {
			isa = XCConfigurationList;
			buildConfigurations = (
				D7628E821DB0682100F617FE /* Debug */,
				D7628E831DB0682100F617FE /* Release */,
			);
			defaultConfigurationIsVisible = 0;
			defaultConfigurationName = Release;
		};
		D7628E841DB0682100F617FE /* Build configuration list for PBXNativeTarget "StrivrTest" */ = {
			isa = XCConfigurationList;
			buildConfigurations = (
				D7628E851DB0682100F617FE /* Debug */,
				D7628E861DB0682100F617FE /* Release */,
			);
			defaultConfigurationIsVisible = 0;
		};
		D7628E871DB0682100F617FE /* Build configuration list for PBXNativeTarget "StrivrTestTests" */ = {
			isa = XCConfigurationList;
			buildConfigurations = (
				D7628E881DB0682100F617FE /* Debug */,
				D7628E891DB0682100F617FE /* Release */,
			);
			defaultConfigurationIsVisible = 0;
		};
		D7628E8A1DB0682100F617FE /* Build configuration list for PBXNativeTarget "StrivrTestUITests" */ = {
			isa = XCConfigurationList;
			buildConfigurations = (
				D7628E8B1DB0682100F617FE /* Debug */,
				D7628E8C1DB0682100F617FE /* Release */,
			);
			defaultConfigurationIsVisible = 0;
		};
/* End XCConfigurationList section */
	};
	rootObject = D7628E541DB0682000F617FE /* Project object */;
}
