// !$*UTF8*$!
{
	archiveVersion = 1;
	classes = {
	};
	objectVersion = 46;
	objects = {

/* Begin PBXBuildFile section */
		74F8940B1DB9329300CE3507 /* AppDelegate.swift in Sources */ = {isa = PBXBuildFile; fileRef = 74F8940A1DB9329300CE3507 /* AppDelegate.swift */; };
		74F8940D1DB9329300CE3507 /* CommitWebViewController.swift in Sources */ = {isa = PBXBuildFile; fileRef = 74F8940C1DB9329300CE3507 /* CommitWebViewController.swift */; };
		74F894101DB9329300CE3507 /* Main.storyboard in Resources */ = {isa = PBXBuildFile; fileRef = 74F8940E1DB9329300CE3507 /* Main.storyboard */; };
		74F894121DB9329300CE3507 /* Assets.xcassets in Resources */ = {isa = PBXBuildFile; fileRef = 74F894111DB9329300CE3507 /* Assets.xcassets */; };
		74F894151DB9329300CE3507 /* LaunchScreen.storyboard in Resources */ = {isa = PBXBuildFile; fileRef = 74F894131DB9329300CE3507 /* LaunchScreen.storyboard */; };
		74F8941D1DB932D200CE3507 /* Constants.swift in Sources */ = {isa = PBXBuildFile; fileRef = 74F8941C1DB932D200CE3507 /* Constants.swift */; };
		74F8941F1DB9383500CE3507 /* DataManager.swift in Sources */ = {isa = PBXBuildFile; fileRef = 74F8941E1DB9383500CE3507 /* DataManager.swift */; };
		74F894211DB93F5C00CE3507 /* Commit.swift in Sources */ = {isa = PBXBuildFile; fileRef = 74F894201DB93F5C00CE3507 /* Commit.swift */; };
		74F894251DB9698300CE3507 /* TableViewController.swift in Sources */ = {isa = PBXBuildFile; fileRef = 74F894241DB9698200CE3507 /* TableViewController.swift */; };
		74F894271DB96C9900CE3507 /* TableViewCell.swift in Sources */ = {isa = PBXBuildFile; fileRef = 74F894261DB96C9900CE3507 /* TableViewCell.swift */; };
		74F894291DB971AF00CE3507 /* NSDateExtension.swift in Sources */ = {isa = PBXBuildFile; fileRef = 74F894281DB971AF00CE3507 /* NSDateExtension.swift */; };
/* End PBXBuildFile section */

/* Begin PBXFileReference section */
		74F894071DB9329300CE3507 /* iOS Test.app */ = {isa = PBXFileReference; explicitFileType = wrapper.application; includeInIndex = 0; path = "iOS Test.app"; sourceTree = BUILT_PRODUCTS_DIR; };
		74F8940A1DB9329300CE3507 /* AppDelegate.swift */ = {isa = PBXFileReference; lastKnownFileType = sourcecode.swift; path = AppDelegate.swift; sourceTree = "<group>"; };
		74F8940C1DB9329300CE3507 /* CommitWebViewController.swift */ = {isa = PBXFileReference; lastKnownFileType = sourcecode.swift; path = CommitWebViewController.swift; sourceTree = "<group>"; };
		74F8940F1DB9329300CE3507 /* Base */ = {isa = PBXFileReference; lastKnownFileType = file.storyboard; name = Base; path = Base.lproj/Main.storyboard; sourceTree = "<group>"; };
		74F894111DB9329300CE3507 /* Assets.xcassets */ = {isa = PBXFileReference; lastKnownFileType = folder.assetcatalog; path = Assets.xcassets; sourceTree = "<group>"; };
		74F894141DB9329300CE3507 /* Base */ = {isa = PBXFileReference; lastKnownFileType = file.storyboard; name = Base; path = Base.lproj/LaunchScreen.storyboard; sourceTree = "<group>"; };
		74F894161DB9329300CE3507 /* Info.plist */ = {isa = PBXFileReference; lastKnownFileType = text.plist.xml; path = Info.plist; sourceTree = "<group>"; };
		74F8941C1DB932D200CE3507 /* Constants.swift */ = {isa = PBXFileReference; fileEncoding = 4; lastKnownFileType = sourcecode.swift; path = Constants.swift; sourceTree = "<group>"; };
		74F8941E1DB9383500CE3507 /* DataManager.swift */ = {isa = PBXFileReference; fileEncoding = 4; lastKnownFileType = sourcecode.swift; path = DataManager.swift; sourceTree = "<group>"; };
		74F894201DB93F5C00CE3507 /* Commit.swift */ = {isa = PBXFileReference; fileEncoding = 4; lastKnownFileType = sourcecode.swift; path = Commit.swift; sourceTree = "<group>"; };
		74F894241DB9698200CE3507 /* TableViewController.swift */ = {isa = PBXFileReference; fileEncoding = 4; lastKnownFileType = sourcecode.swift; path = TableViewController.swift; sourceTree = "<group>"; };
		74F894261DB96C9900CE3507 /* TableViewCell.swift */ = {isa = PBXFileReference; fileEncoding = 4; lastKnownFileType = sourcecode.swift; path = TableViewCell.swift; sourceTree = "<group>"; };
		74F894281DB971AF00CE3507 /* NSDateExtension.swift */ = {isa = PBXFileReference; fileEncoding = 4; lastKnownFileType = sourcecode.swift; path = NSDateExtension.swift; sourceTree = "<group>"; };
/* End PBXFileReference section */

/* Begin PBXFrameworksBuildPhase section */
		74F894041DB9329300CE3507 /* Frameworks */ = {
			isa = PBXFrameworksBuildPhase;
			buildActionMask = 2147483647;
			files = (
			);
			runOnlyForDeploymentPostprocessing = 0;
		};
/* End PBXFrameworksBuildPhase section */

/* Begin PBXGroup section */
		747E022F1DBAB0CB00EBF9A0 /* Controllers */ = {
			isa = PBXGroup;
			children = (
				74F894241DB9698200CE3507 /* TableViewController.swift */,
				74F8940C1DB9329300CE3507 /* CommitWebViewController.swift */,
			);
			name = Controllers;
			sourceTree = "<group>";
		};
		747E02301DBAB0E900EBF9A0 /* Helpers */ = {
			isa = PBXGroup;
			children = (
				74F894281DB971AF00CE3507 /* NSDateExtension.swift */,
			);
			name = Helpers;
			sourceTree = "<group>";
		};
		747E02311DBAB10300EBF9A0 /* Model */ = {
			isa = PBXGroup;
			children = (
				74F8941E1DB9383500CE3507 /* DataManager.swift */,
				74F894201DB93F5C00CE3507 /* Commit.swift */,
			);
			name = Model;
			sourceTree = "<group>";
		};
		747E02321DBAB11700EBF9A0 /* Views */ = {
			isa = PBXGroup;
			children = (
				74F894261DB96C9900CE3507 /* TableViewCell.swift */,
			);
			name = Views;
			sourceTree = "<group>";
		};
		747E02331DBAB14200EBF9A0 /* Resources */ = {
			isa = PBXGroup;
			children = (
				74F8940E1DB9329300CE3507 /* Main.storyboard */,
				74F894131DB9329300CE3507 /* LaunchScreen.storyboard */,
				74F894111DB9329300CE3507 /* Assets.xcassets */,
			);
			name = Resources;
			sourceTree = "<group>";
		};
		74F893FE1DB9329300CE3507 = {
			isa = PBXGroup;
			children = (
				74F894091DB9329300CE3507 /* iOS Test */,
				74F894081DB9329300CE3507 /* Products */,
			);
			sourceTree = "<group>";
		};
		74F894081DB9329300CE3507 /* Products */ = {
			isa = PBXGroup;
			children = (
				74F894071DB9329300CE3507 /* iOS Test.app */,
			);
			name = Products;
			sourceTree = "<group>";
		};
		74F894091DB9329300CE3507 /* iOS Test */ = {
			isa = PBXGroup;
			children = (
				74F8940A1DB9329300CE3507 /* AppDelegate.swift */,
				74F8941C1DB932D200CE3507 /* Constants.swift */,
				74F894161DB9329300CE3507 /* Info.plist */,
				747E022F1DBAB0CB00EBF9A0 /* Controllers */,
				747E02301DBAB0E900EBF9A0 /* Helpers */,
				747E02311DBAB10300EBF9A0 /* Model */,
				747E02321DBAB11700EBF9A0 /* Views */,
				747E02331DBAB14200EBF9A0 /* Resources */,
			);
			path = "iOS Test";
			sourceTree = "<group>";
		};
/* End PBXGroup section */

/* Begin PBXNativeTarget section */
		74F894061DB9329300CE3507 /* iOS Test */ = {
			isa = PBXNativeTarget;
			buildConfigurationList = 74F894191DB9329300CE3507 /* Build configuration list for PBXNativeTarget "iOS Test" */;
			buildPhases = (
				74F894031DB9329300CE3507 /* Sources */,
				74F894041DB9329300CE3507 /* Frameworks */,
				74F894051DB9329300CE3507 /* Resources */,
			);
			buildRules = (
			);
			dependencies = (
			);
			name = "iOS Test";
			productName = "iOS Test";
			productReference = 74F894071DB9329300CE3507 /* iOS Test.app */;
			productType = "com.apple.product-type.application";
		};
/* End PBXNativeTarget section */

/* Begin PBXProject section */
		74F893FF1DB9329300CE3507 /* Project object */ = {
			isa = PBXProject;
			attributes = {
				LastSwiftUpdateCheck = 0730;
				LastUpgradeCheck = 0730;
				ORGANIZATIONNAME = "Michael Kaminowitz";
				TargetAttributes = {
					74F894061DB9329300CE3507 = {
						CreatedOnToolsVersion = 7.3.1;
					};
				};
			};
			buildConfigurationList = 74F894021DB9329300CE3507 /* Build configuration list for PBXProject "iOS Test" */;
			compatibilityVersion = "Xcode 3.2";
			developmentRegion = English;
			hasScannedForEncodings = 0;
			knownRegions = (
				en,
				Base,
			);
			mainGroup = 74F893FE1DB9329300CE3507;
			productRefGroup = 74F894081DB9329300CE3507 /* Products */;
			projectDirPath = "";
			projectRoot = "";
			targets = (
				74F894061DB9329300CE3507 /* iOS Test */,
			);
		};
/* End PBXProject section */

/* Begin PBXResourcesBuildPhase section */
		74F894051DB9329300CE3507 /* Resources */ = {
			isa = PBXResourcesBuildPhase;
			buildActionMask = 2147483647;
			files = (
				74F894151DB9329300CE3507 /* LaunchScreen.storyboard in Resources */,
				74F894121DB9329300CE3507 /* Assets.xcassets in Resources */,
				74F894101DB9329300CE3507 /* Main.storyboard in Resources */,
			);
			runOnlyForDeploymentPostprocessing = 0;
		};
/* End PBXResourcesBuildPhase section */

/* Begin PBXSourcesBuildPhase section */
		74F894031DB9329300CE3507 /* Sources */ = {
			isa = PBXSourcesBuildPhase;
			buildActionMask = 2147483647;
			files = (
				74F894211DB93F5C00CE3507 /* Commit.swift in Sources */,
				74F894251DB9698300CE3507 /* TableViewController.swift in Sources */,
				74F8940D1DB9329300CE3507 /* CommitWebViewController.swift in Sources */,
				74F8941F1DB9383500CE3507 /* DataManager.swift in Sources */,
				74F894291DB971AF00CE3507 /* NSDateExtension.swift in Sources */,
				74F8940B1DB9329300CE3507 /* AppDelegate.swift in Sources */,
				74F894271DB96C9900CE3507 /* TableViewCell.swift in Sources */,
				74F8941D1DB932D200CE3507 /* Constants.swift in Sources */,
			);
			runOnlyForDeploymentPostprocessing = 0;
		};
/* End PBXSourcesBuildPhase section */

/* Begin PBXVariantGroup section */
		74F8940E1DB9329300CE3507 /* Main.storyboard */ = {
			isa = PBXVariantGroup;
			children = (
				74F8940F1DB9329300CE3507 /* Base */,
			);
			name = Main.storyboard;
			sourceTree = "<group>";
		};
		74F894131DB9329300CE3507 /* LaunchScreen.storyboard */ = {
			isa = PBXVariantGroup;
			children = (
				74F894141DB9329300CE3507 /* Base */,
			);
			name = LaunchScreen.storyboard;
			sourceTree = "<group>";
		};
/* End PBXVariantGroup section */

/* Begin XCBuildConfiguration section */
		74F894171DB9329300CE3507 /* Debug */ = {
			isa = XCBuildConfiguration;
			buildSettings = {
				ALWAYS_SEARCH_USER_PATHS = NO;
				CLANG_ANALYZER_NONNULL = YES;
				CLANG_CXX_LANGUAGE_STANDARD = "gnu++0x";
				CLANG_CXX_LIBRARY = "libc++";
				CLANG_ENABLE_MODULES = YES;
				CLANG_ENABLE_OBJC_ARC = YES;
				CLANG_WARN_BOOL_CONVERSION = YES;
				CLANG_WARN_CONSTANT_CONVERSION = YES;
				CLANG_WARN_DIRECT_OBJC_ISA_USAGE = YES_ERROR;
				CLANG_WARN_EMPTY_BODY = YES;
				CLANG_WARN_ENUM_CONVERSION = YES;
				CLANG_WARN_INT_CONVERSION = YES;
				CLANG_WARN_OBJC_ROOT_CLASS = YES_ERROR;
				CLANG_WARN_UNREACHABLE_CODE = YES;
				CLANG_WARN__DUPLICATE_METHOD_MATCH = YES;
				"CODE_SIGN_IDENTITY[sdk=iphoneos*]" = "iPhone Developer";
				COPY_PHASE_STRIP = NO;
				DEBUG_INFORMATION_FORMAT = dwarf;
				ENABLE_STRICT_OBJC_MSGSEND = YES;
				ENABLE_TESTABILITY = YES;
				GCC_C_LANGUAGE_STANDARD = gnu99;
				GCC_DYNAMIC_NO_PIC = NO;
				GCC_NO_COMMON_BLOCKS = YES;
				GCC_OPTIMIZATION_LEVEL = 0;
				GCC_PREPROCESSOR_DEFINITIONS = (
					"DEBUG=1",
					"$(inherited)",
				);
				GCC_WARN_64_TO_32_BIT_CONVERSION = YES;
				GCC_WARN_ABOUT_RETURN_TYPE = YES_ERROR;
				GCC_WARN_UNDECLARED_SELECTOR = YES;
				GCC_WARN_UNINITIALIZED_AUTOS = YES_AGGRESSIVE;
				GCC_WARN_UNUSED_FUNCTION = YES;
				GCC_WARN_UNUSED_VARIABLE = YES;
				IPHONEOS_DEPLOYMENT_TARGET = 9.3;
				MTL_ENABLE_DEBUG_INFO = YES;
				ONLY_ACTIVE_ARCH = YES;
				SDKROOT = iphoneos;
				SWIFT_OPTIMIZATION_LEVEL = "-Onone";
				TARGETED_DEVICE_FAMILY = "1,2";
			};
			name = Debug;
		};
		74F894181DB9329300CE3507 /* Release */ = {
			isa = XCBuildConfiguration;
			buildSettings = {
				ALWAYS_SEARCH_USER_PATHS = NO;
				CLANG_ANALYZER_NONNULL = YES;
				CLANG_CXX_LANGUAGE_STANDARD = "gnu++0x";
				CLANG_CXX_LIBRARY = "libc++";
				CLANG_ENABLE_MODULES = YES;
				CLANG_ENABLE_OBJC_ARC = YES;
				CLANG_WARN_BOOL_CONVERSION = YES;
				CLANG_WARN_CONSTANT_CONVERSION = YES;
				CLANG_WARN_DIRECT_OBJC_ISA_USAGE = YES_ERROR;
				CLANG_WARN_EMPTY_BODY = YES;
				CLANG_WARN_ENUM_CONVERSION = YES;
				CLANG_WARN_INT_CONVERSION = YES;
				CLANG_WARN_OBJC_ROOT_CLASS = YES_ERROR;
				CLANG_WARN_UNREACHABLE_CODE = YES;
				CLANG_WARN__DUPLICATE_METHOD_MATCH = YES;
				"CODE_SIGN_IDENTITY[sdk=iphoneos*]" = "iPhone Developer";
				COPY_PHASE_STRIP = NO;
				DEBUG_INFORMATION_FORMAT = "dwarf-with-dsym";
				ENABLE_NS_ASSERTIONS = NO;
				ENABLE_STRICT_OBJC_MSGSEND = YES;
				GCC_C_LANGUAGE_STANDARD = gnu99;
				GCC_NO_COMMON_BLOCKS = YES;
				GCC_WARN_64_TO_32_BIT_CONVERSION = YES;
				GCC_WARN_ABOUT_RETURN_TYPE = YES_ERROR;
				GCC_WARN_UNDECLARED_SELECTOR = YES;
				GCC_WARN_UNINITIALIZED_AUTOS = YES_AGGRESSIVE;
				GCC_WARN_UNUSED_FUNCTION = YES;
				GCC_WARN_UNUSED_VARIABLE = YES;
				IPHONEOS_DEPLOYMENT_TARGET = 9.3;
				MTL_ENABLE_DEBUG_INFO = NO;
				SDKROOT = iphoneos;
				TARGETED_DEVICE_FAMILY = "1,2";
				VALIDATE_PRODUCT = YES;
			};
			name = Release;
		};
		74F8941A1DB9329300CE3507 /* Debug */ = {
			isa = XCBuildConfiguration;
			buildSettings = {
				ASSETCATALOG_COMPILER_APPICON_NAME = AppIcon;
				INFOPLIST_FILE = "iOS Test/Info.plist";
				LD_RUNPATH_SEARCH_PATHS = "$(inherited) @executable_path/Frameworks";
				PRODUCT_BUNDLE_IDENTIFIER = "com.mdk.iOS-Test";
				PRODUCT_NAME = "$(TARGET_NAME)";
			};
			name = Debug;
		};
		74F8941B1DB9329300CE3507 /* Release */ = {
			isa = XCBuildConfiguration;
			buildSettings = {
				ASSETCATALOG_COMPILER_APPICON_NAME = AppIcon;
				INFOPLIST_FILE = "iOS Test/Info.plist";
				LD_RUNPATH_SEARCH_PATHS = "$(inherited) @executable_path/Frameworks";
				PRODUCT_BUNDLE_IDENTIFIER = "com.mdk.iOS-Test";
				PRODUCT_NAME = "$(TARGET_NAME)";
			};
			name = Release;
		};
/* End XCBuildConfiguration section */

/* Begin XCConfigurationList section */
		74F894021DB9329300CE3507 /* Build configuration list for PBXProject "iOS Test" */ = {
			isa = XCConfigurationList;
			buildConfigurations = (
				74F894171DB9329300CE3507 /* Debug */,
				74F894181DB9329300CE3507 /* Release */,
			);
			defaultConfigurationIsVisible = 0;
			defaultConfigurationName = Release;
		};
		74F894191DB9329300CE3507 /* Build configuration list for PBXNativeTarget "iOS Test" */ = {
			isa = XCConfigurationList;
			buildConfigurations = (
				74F8941A1DB9329300CE3507 /* Debug */,
				74F8941B1DB9329300CE3507 /* Release */,
			);
			defaultConfigurationIsVisible = 0;
			defaultConfigurationName = Release;
		};
/* End XCConfigurationList section */
	};
	rootObject = 74F893FF1DB9329300CE3507 /* Project object */;
}
