// !$*UTF8*$!
{
	archiveVersion = 1;
	classes = {
	};
	objectVersion = 46;
	objects = {

/* Begin PBXBuildFile section */
		6E2A0CE01D9474EA001E7A2A /* GitHubAPIClient.swift in Sources */ = {isa = PBXBuildFile; fileRef = 6E2A0CDF1D9474EA001E7A2A /* GitHubAPIClient.swift */; };
		6E35D6741D94D1DD0048B839 /* Author.swift in Sources */ = {isa = PBXBuildFile; fileRef = 6E35D6731D94D1DD0048B839 /* Author.swift */; };
		6E84E86E1D9472150002E445 /* AppDelegate.swift in Sources */ = {isa = PBXBuildFile; fileRef = 6E84E86D1D9472150002E445 /* AppDelegate.swift */; };
		6E84E8701D9472150002E445 /* ViewController.swift in Sources */ = {isa = PBXBuildFile; fileRef = 6E84E86F1D9472150002E445 /* ViewController.swift */; };
		6E84E8731D9472150002E445 /* Main.storyboard in Resources */ = {isa = PBXBuildFile; fileRef = 6E84E8711D9472150002E445 /* Main.storyboard */; };
		6E84E8751D9472150002E445 /* Assets.xcassets in Resources */ = {isa = PBXBuildFile; fileRef = 6E84E8741D9472150002E445 /* Assets.xcassets */; };
		6E84E8781D9472150002E445 /* LaunchScreen.storyboard in Resources */ = {isa = PBXBuildFile; fileRef = 6E84E8761D9472150002E445 /* LaunchScreen.storyboard */; };
		6EBBFCA21D9576E8002C7C34 /* CustomTableViewCell.swift in Sources */ = {isa = PBXBuildFile; fileRef = 6EBBFCA11D9576E8002C7C34 /* CustomTableViewCell.swift */; };
		6EBBFCA41D95A664002C7C34 /* WebViewController.swift in Sources */ = {isa = PBXBuildFile; fileRef = 6EBBFCA31D95A664002C7C34 /* WebViewController.swift */; };
		EC1BDD80198C847E15DC91A7 /* Pods_StrivrTest.framework in Frameworks */ = {isa = PBXBuildFile; fileRef = 5AC0588DA564B9B9D0ECCB2C /* Pods_StrivrTest.framework */; };
/* End PBXBuildFile section */

/* Begin PBXFileReference section */
		5AC0588DA564B9B9D0ECCB2C /* Pods_StrivrTest.framework */ = {isa = PBXFileReference; explicitFileType = wrapper.framework; includeInIndex = 0; path = Pods_StrivrTest.framework; sourceTree = BUILT_PRODUCTS_DIR; };
		6E2A0CDF1D9474EA001E7A2A /* GitHubAPIClient.swift */ = {isa = PBXFileReference; fileEncoding = 4; lastKnownFileType = sourcecode.swift; path = GitHubAPIClient.swift; sourceTree = "<group>"; };
		6E35D6731D94D1DD0048B839 /* Author.swift */ = {isa = PBXFileReference; fileEncoding = 4; lastKnownFileType = sourcecode.swift; path = Author.swift; sourceTree = "<group>"; };
		6E84E86A1D9472150002E445 /* StrivrTest.app */ = {isa = PBXFileReference; explicitFileType = wrapper.application; includeInIndex = 0; path = StrivrTest.app; sourceTree = BUILT_PRODUCTS_DIR; };
		6E84E86D1D9472150002E445 /* AppDelegate.swift */ = {isa = PBXFileReference; lastKnownFileType = sourcecode.swift; path = AppDelegate.swift; sourceTree = "<group>"; };
		6E84E86F1D9472150002E445 /* ViewController.swift */ = {isa = PBXFileReference; lastKnownFileType = sourcecode.swift; path = ViewController.swift; sourceTree = "<group>"; };
		6E84E8721D9472150002E445 /* Base */ = {isa = PBXFileReference; lastKnownFileType = file.storyboard; name = Base; path = Base.lproj/Main.storyboard; sourceTree = "<group>"; };
		6E84E8741D9472150002E445 /* Assets.xcassets */ = {isa = PBXFileReference; lastKnownFileType = folder.assetcatalog; path = Assets.xcassets; sourceTree = "<group>"; };
		6E84E8771D9472150002E445 /* Base */ = {isa = PBXFileReference; lastKnownFileType = file.storyboard; name = Base; path = Base.lproj/LaunchScreen.storyboard; sourceTree = "<group>"; };
		6E84E8791D9472150002E445 /* Info.plist */ = {isa = PBXFileReference; lastKnownFileType = text.plist.xml; path = Info.plist; sourceTree = "<group>"; };
		6EBBFCA11D9576E8002C7C34 /* CustomTableViewCell.swift */ = {isa = PBXFileReference; fileEncoding = 4; lastKnownFileType = sourcecode.swift; path = CustomTableViewCell.swift; sourceTree = "<group>"; };
		6EBBFCA31D95A664002C7C34 /* WebViewController.swift */ = {isa = PBXFileReference; fileEncoding = 4; lastKnownFileType = sourcecode.swift; path = WebViewController.swift; sourceTree = "<group>"; };
		9B49ABE8D5BF52EB7349BA63 /* Pods-StrivrTest.debug.xcconfig */ = {isa = PBXFileReference; includeInIndex = 1; lastKnownFileType = text.xcconfig; name = "Pods-StrivrTest.debug.xcconfig"; path = "Pods/Target Support Files/Pods-StrivrTest/Pods-StrivrTest.debug.xcconfig"; sourceTree = "<group>"; };
		C4A153BD221446879B9F1102 /* Pods-StrivrTest.release.xcconfig */ = {isa = PBXFileReference; includeInIndex = 1; lastKnownFileType = text.xcconfig; name = "Pods-StrivrTest.release.xcconfig"; path = "Pods/Target Support Files/Pods-StrivrTest/Pods-StrivrTest.release.xcconfig"; sourceTree = "<group>"; };
/* End PBXFileReference section */

/* Begin PBXFrameworksBuildPhase section */
		6E84E8671D9472150002E445 /* Frameworks */ = {
			isa = PBXFrameworksBuildPhase;
			buildActionMask = 2147483647;
			files = (
				EC1BDD80198C847E15DC91A7 /* Pods_StrivrTest.framework in Frameworks */,
			);
			runOnlyForDeploymentPostprocessing = 0;
		};
/* End PBXFrameworksBuildPhase section */

/* Begin PBXGroup section */
		1A267A83A87A4972245B9DDD /* Frameworks */ = {
			isa = PBXGroup;
			children = (
				5AC0588DA564B9B9D0ECCB2C /* Pods_StrivrTest.framework */,
			);
			name = Frameworks;
			sourceTree = "<group>";
		};
		6E84E8611D9472150002E445 = {
			isa = PBXGroup;
			children = (
				6E84E86C1D9472150002E445 /* StrivrTest */,
				6E84E86B1D9472150002E445 /* Products */,
				78A659597949CB14F2FD5D9B /* Pods */,
				1A267A83A87A4972245B9DDD /* Frameworks */,
			);
			sourceTree = "<group>";
		};
		6E84E86B1D9472150002E445 /* Products */ = {
			isa = PBXGroup;
			children = (
				6E84E86A1D9472150002E445 /* StrivrTest.app */,
			);
			name = Products;
			sourceTree = "<group>";
		};
		6E84E86C1D9472150002E445 /* StrivrTest */ = {
			isa = PBXGroup;
			children = (
				6E84E86D1D9472150002E445 /* AppDelegate.swift */,
				6E35D6731D94D1DD0048B839 /* Author.swift */,
				6EBBFCA11D9576E8002C7C34 /* CustomTableViewCell.swift */,
				6E2A0CDF1D9474EA001E7A2A /* GitHubAPIClient.swift */,
				6E84E86F1D9472150002E445 /* ViewController.swift */,
				6EBBFCA31D95A664002C7C34 /* WebViewController.swift */,
				6E84E8711D9472150002E445 /* Main.storyboard */,
				6E84E8741D9472150002E445 /* Assets.xcassets */,
				6E84E8761D9472150002E445 /* LaunchScreen.storyboard */,
				6E84E8791D9472150002E445 /* Info.plist */,
			);
			path = StrivrTest;
			sourceTree = "<group>";
		};
		78A659597949CB14F2FD5D9B /* Pods */ = {
			isa = PBXGroup;
			children = (
				9B49ABE8D5BF52EB7349BA63 /* Pods-StrivrTest.debug.xcconfig */,
				C4A153BD221446879B9F1102 /* Pods-StrivrTest.release.xcconfig */,
			);
			name = Pods;
			sourceTree = "<group>";
		};
/* End PBXGroup section */

/* Begin PBXNativeTarget section */
		6E84E8691D9472150002E445 /* StrivrTest */ = {
			isa = PBXNativeTarget;
			buildConfigurationList = 6E84E87C1D9472150002E445 /* Build configuration list for PBXNativeTarget "StrivrTest" */;
			buildPhases = (
				87750088C528A937AC35E85C /* [CP] Check Pods Manifest.lock */,
				6E84E8661D9472150002E445 /* Sources */,
				6E84E8671D9472150002E445 /* Frameworks */,
				6E84E8681D9472150002E445 /* Resources */,
				D89E26297F402CB05E3D9864 /* [CP] Embed Pods Frameworks */,
				5CA0DF2CF7C25018F442DE05 /* [CP] Copy Pods Resources */,
			);
			buildRules = (
			);
			dependencies = (
			);
			name = StrivrTest;
			productName = StrivrTest;
			productReference = 6E84E86A1D9472150002E445 /* StrivrTest.app */;
			productType = "com.apple.product-type.application";
		};
/* End PBXNativeTarget section */

/* Begin PBXProject section */
		6E84E8621D9472150002E445 /* Project object */ = {
			isa = PBXProject;
			attributes = {
				LastSwiftUpdateCheck = 0800;
				LastUpgradeCheck = 0800;
				ORGANIZATIONNAME = "Strivr, Inc.";
				TargetAttributes = {
					6E84E8691D9472150002E445 = {
						CreatedOnToolsVersion = 8.0;
						DevelopmentTeam = NAQW6R49BD;
						ProvisioningStyle = Automatic;
					};
				};
			};
			buildConfigurationList = 6E84E8651D9472150002E445 /* Build configuration list for PBXProject "StrivrTest" */;
			compatibilityVersion = "Xcode 3.2";
			developmentRegion = English;
			hasScannedForEncodings = 0;
			knownRegions = (
				en,
				Base,
			);
			mainGroup = 6E84E8611D9472150002E445;
			productRefGroup = 6E84E86B1D9472150002E445 /* Products */;
			projectDirPath = "";
			projectRoot = "";
			targets = (
				6E84E8691D9472150002E445 /* StrivrTest */,
			);
		};
/* End PBXProject section */

/* Begin PBXResourcesBuildPhase section */
		6E84E8681D9472150002E445 /* Resources */ = {
			isa = PBXResourcesBuildPhase;
			buildActionMask = 2147483647;
			files = (
				6E84E8781D9472150002E445 /* LaunchScreen.storyboard in Resources */,
				6E84E8751D9472150002E445 /* Assets.xcassets in Resources */,
				6E84E8731D9472150002E445 /* Main.storyboard in Resources */,
			);
			runOnlyForDeploymentPostprocessing = 0;
		};
/* End PBXResourcesBuildPhase section */

/* Begin PBXShellScriptBuildPhase section */
		5CA0DF2CF7C25018F442DE05 /* [CP] Copy Pods Resources */ = {
			isa = PBXShellScriptBuildPhase;
			buildActionMask = 2147483647;
			files = (
			);
			inputPaths = (
			);
			name = "[CP] Copy Pods Resources";
			outputPaths = (
			);
			runOnlyForDeploymentPostprocessing = 0;
			shellPath = /bin/sh;
			shellScript = "\"${SRCROOT}/Pods/Target Support Files/Pods-StrivrTest/Pods-StrivrTest-resources.sh\"\n";
			showEnvVarsInLog = 0;
		};
		87750088C528A937AC35E85C /* [CP] Check Pods Manifest.lock */ = {
			isa = PBXShellScriptBuildPhase;
			buildActionMask = 2147483647;
			files = (
			);
			inputPaths = (
			);
			name = "[CP] Check Pods Manifest.lock";
			outputPaths = (
			);
			runOnlyForDeploymentPostprocessing = 0;
			shellPath = /bin/sh;
			shellScript = "diff \"${PODS_ROOT}/../Podfile.lock\" \"${PODS_ROOT}/Manifest.lock\" > /dev/null\nif [ $? != 0 ] ; then\n    # print error to STDERR\n    echo \"error: The sandbox is not in sync with the Podfile.lock. Run 'pod install' or update your CocoaPods installation.\" >&2\n    exit 1\nfi\n";
			showEnvVarsInLog = 0;
		};
		D89E26297F402CB05E3D9864 /* [CP] Embed Pods Frameworks */ = {
			isa = PBXShellScriptBuildPhase;
			buildActionMask = 2147483647;
			files = (
			);
			inputPaths = (
			);
			name = "[CP] Embed Pods Frameworks";
			outputPaths = (
			);
			runOnlyForDeploymentPostprocessing = 0;
			shellPath = /bin/sh;
			shellScript = "\"${SRCROOT}/Pods/Target Support Files/Pods-StrivrTest/Pods-StrivrTest-frameworks.sh\"\n";
			showEnvVarsInLog = 0;
		};
/* End PBXShellScriptBuildPhase section */

/* Begin PBXSourcesBuildPhase section */
		6E84E8661D9472150002E445 /* Sources */ = {
			isa = PBXSourcesBuildPhase;
			buildActionMask = 2147483647;
			files = (
				6E2A0CE01D9474EA001E7A2A /* GitHubAPIClient.swift in Sources */,
				6EBBFCA41D95A664002C7C34 /* WebViewController.swift in Sources */,
				6EBBFCA21D9576E8002C7C34 /* CustomTableViewCell.swift in Sources */,
				6E84E8701D9472150002E445 /* ViewController.swift in Sources */,
				6E84E86E1D9472150002E445 /* AppDelegate.swift in Sources */,
				6E35D6741D94D1DD0048B839 /* Author.swift in Sources */,
			);
			runOnlyForDeploymentPostprocessing = 0;
		};
/* End PBXSourcesBuildPhase section */

/* Begin PBXVariantGroup section */
		6E84E8711D9472150002E445 /* Main.storyboard */ = {
			isa = PBXVariantGroup;
			children = (
				6E84E8721D9472150002E445 /* Base */,
			);
			name = Main.storyboard;
			sourceTree = "<group>";
		};
		6E84E8761D9472150002E445 /* LaunchScreen.storyboard */ = {
			isa = PBXVariantGroup;
			children = (
				6E84E8771D9472150002E445 /* Base */,
			);
			name = LaunchScreen.storyboard;
			sourceTree = "<group>";
		};
/* End PBXVariantGroup section */

/* Begin XCBuildConfiguration section */
		6E84E87A1D9472150002E445 /* Debug */ = {
			isa = XCBuildConfiguration;
			buildSettings = {
				ALWAYS_SEARCH_USER_PATHS = NO;
				CLANG_ANALYZER_NONNULL = YES;
				CLANG_CXX_LANGUAGE_STANDARD = "gnu++0x";
				CLANG_CXX_LIBRARY = "libc++";
				CLANG_ENABLE_MODULES = YES;
				CLANG_ENABLE_OBJC_ARC = YES;
				CLANG_WARN_BOOL_CONVERSION = YES;
				CLANG_WARN_CONSTANT_CONVERSION = YES;
				CLANG_WARN_DIRECT_OBJC_ISA_USAGE = YES_ERROR;
				CLANG_WARN_DOCUMENTATION_COMMENTS = YES;
				CLANG_WARN_EMPTY_BODY = YES;
				CLANG_WARN_ENUM_CONVERSION = YES;
				CLANG_WARN_INFINITE_RECURSION = YES;
				CLANG_WARN_INT_CONVERSION = YES;
				CLANG_WARN_OBJC_ROOT_CLASS = YES_ERROR;
				CLANG_WARN_SUSPICIOUS_MOVE = YES;
				CLANG_WARN_SUSPICIOUS_MOVES = YES;
				CLANG_WARN_UNREACHABLE_CODE = YES;
				CLANG_WARN__DUPLICATE_METHOD_MATCH = YES;
				"CODE_SIGN_IDENTITY[sdk=iphoneos*]" = "iPhone Developer";
				COPY_PHASE_STRIP = NO;
				DEBUG_INFORMATION_FORMAT = dwarf;
				ENABLE_STRICT_OBJC_MSGSEND = YES;
				ENABLE_TESTABILITY = YES;
				GCC_C_LANGUAGE_STANDARD = gnu99;
				GCC_DYNAMIC_NO_PIC = NO;
				GCC_NO_COMMON_BLOCKS = YES;
				GCC_OPTIMIZATION_LEVEL = 0;
				GCC_PREPROCESSOR_DEFINITIONS = (
					"DEBUG=1",
					"$(inherited)",
				);
				GCC_WARN_64_TO_32_BIT_CONVERSION = YES;
				GCC_WARN_ABOUT_RETURN_TYPE = YES_ERROR;
				GCC_WARN_UNDECLARED_SELECTOR = YES;
				GCC_WARN_UNINITIALIZED_AUTOS = YES_AGGRESSIVE;
				GCC_WARN_UNUSED_FUNCTION = YES;
				GCC_WARN_UNUSED_VARIABLE = YES;
				IPHONEOS_DEPLOYMENT_TARGET = 10.0;
				MTL_ENABLE_DEBUG_INFO = YES;
				ONLY_ACTIVE_ARCH = YES;
				SDKROOT = iphoneos;
				SWIFT_ACTIVE_COMPILATION_CONDITIONS = DEBUG;
				SWIFT_OPTIMIZATION_LEVEL = "-Onone";
				TARGETED_DEVICE_FAMILY = "1,2";
			};
			name = Debug;
		};
		6E84E87B1D9472150002E445 /* Release */ = {
			isa = XCBuildConfiguration;
			buildSettings = {
				ALWAYS_SEARCH_USER_PATHS = NO;
				CLANG_ANALYZER_NONNULL = YES;
				CLANG_CXX_LANGUAGE_STANDARD = "gnu++0x";
				CLANG_CXX_LIBRARY = "libc++";
				CLANG_ENABLE_MODULES = YES;
				CLANG_ENABLE_OBJC_ARC = YES;
				CLANG_WARN_BOOL_CONVERSION = YES;
				CLANG_WARN_CONSTANT_CONVERSION = YES;
				CLANG_WARN_DIRECT_OBJC_ISA_USAGE = YES_ERROR;
				CLANG_WARN_DOCUMENTATION_COMMENTS = YES;
				CLANG_WARN_EMPTY_BODY = YES;
				CLANG_WARN_ENUM_CONVERSION = YES;
				CLANG_WARN_INFINITE_RECURSION = YES;
				CLANG_WARN_INT_CONVERSION = YES;
				CLANG_WARN_OBJC_ROOT_CLASS = YES_ERROR;
				CLANG_WARN_SUSPICIOUS_MOVE = YES;
				CLANG_WARN_SUSPICIOUS_MOVES = YES;
				CLANG_WARN_UNREACHABLE_CODE = YES;
				CLANG_WARN__DUPLICATE_METHOD_MATCH = YES;
				"CODE_SIGN_IDENTITY[sdk=iphoneos*]" = "iPhone Developer";
				COPY_PHASE_STRIP = NO;
				DEBUG_INFORMATION_FORMAT = "dwarf-with-dsym";
				ENABLE_NS_ASSERTIONS = NO;
				ENABLE_STRICT_OBJC_MSGSEND = YES;
				GCC_C_LANGUAGE_STANDARD = gnu99;
				GCC_NO_COMMON_BLOCKS = YES;
				GCC_WARN_64_TO_32_BIT_CONVERSION = YES;
				GCC_WARN_ABOUT_RETURN_TYPE = YES_ERROR;
				GCC_WARN_UNDECLARED_SELECTOR = YES;
				GCC_WARN_UNINITIALIZED_AUTOS = YES_AGGRESSIVE;
				GCC_WARN_UNUSED_FUNCTION = YES;
				GCC_WARN_UNUSED_VARIABLE = YES;
				IPHONEOS_DEPLOYMENT_TARGET = 10.0;
				MTL_ENABLE_DEBUG_INFO = NO;
				SDKROOT = iphoneos;
				SWIFT_OPTIMIZATION_LEVEL = "-Owholemodule";
				TARGETED_DEVICE_FAMILY = "1,2";
				VALIDATE_PRODUCT = YES;
			};
			name = Release;
		};
		6E84E87D1D9472150002E445 /* Debug */ = {
			isa = XCBuildConfiguration;
			baseConfigurationReference = 9B49ABE8D5BF52EB7349BA63 /* Pods-StrivrTest.debug.xcconfig */;
			buildSettings = {
				ALWAYS_EMBED_SWIFT_STANDARD_LIBRARIES = YES;
				ASSETCATALOG_COMPILER_APPICON_NAME = AppIcon;
				DEVELOPMENT_TEAM = NAQW6R49BD;
				INFOPLIST_FILE = StrivrTest/Info.plist;
				LD_RUNPATH_SEARCH_PATHS = "$(inherited) @executable_path/Frameworks";
				PRODUCT_BUNDLE_IDENTIFIER = com.lloydcode.StrivrTest;
				PRODUCT_NAME = "$(TARGET_NAME)";
				SWIFT_VERSION = 3.0;
			};
			name = Debug;
		};
		6E84E87E1D9472150002E445 /* Release */ = {
			isa = XCBuildConfiguration;
			baseConfigurationReference = C4A153BD221446879B9F1102 /* Pods-StrivrTest.release.xcconfig */;
			buildSettings = {
				ALWAYS_EMBED_SWIFT_STANDARD_LIBRARIES = YES;
				ASSETCATALOG_COMPILER_APPICON_NAME = AppIcon;
				DEVELOPMENT_TEAM = NAQW6R49BD;
				INFOPLIST_FILE = StrivrTest/Info.plist;
				LD_RUNPATH_SEARCH_PATHS = "$(inherited) @executable_path/Frameworks";
				PRODUCT_BUNDLE_IDENTIFIER = com.lloydcode.StrivrTest;
				PRODUCT_NAME = "$(TARGET_NAME)";
				SWIFT_VERSION = 3.0;
			};
			name = Release;
		};
/* End XCBuildConfiguration section */

/* Begin XCConfigurationList section */
		6E84E8651D9472150002E445 /* Build configuration list for PBXProject "StrivrTest" */ = {
			isa = XCConfigurationList;
			buildConfigurations = (
				6E84E87A1D9472150002E445 /* Debug */,
				6E84E87B1D9472150002E445 /* Release */,
			);
			defaultConfigurationIsVisible = 0;
			defaultConfigurationName = Release;
		};
		6E84E87C1D9472150002E445 /* Build configuration list for PBXNativeTarget "StrivrTest" */ = {
			isa = XCConfigurationList;
			buildConfigurations = (
				6E84E87D1D9472150002E445 /* Debug */,
				6E84E87E1D9472150002E445 /* Release */,
			);
			defaultConfigurationIsVisible = 0;
			defaultConfigurationName = Release;
		};
/* End XCConfigurationList section */
	};
	rootObject = 6E84E8621D9472150002E445 /* Project object */;
}
